
Microsoft Visual Studio Solution File, Format Version 12.00
# Visual Studio 15
Project("{FAE04EC0-301F-11D3-BF4B-00C04F79EFBC}") = "Brochure.Roles", "Brochure.Roles\Brochure.Roles.csproj", "{69C36E2F-D1DE-4A9D-94F1-A0DFE72FDCD2}"
EndProject
Project("{FAE04EC0-301F-11D3-BF4B-00C04F79EFBC}") = "Brochure.Roles.Abstract", "Brochure.Roles.Abstract\Brochure.Roles.Abstract.csproj", "{93AEDC01-8A44-4311-8B97-B29A6D0DFF4B}"
EndProject
Global
	GlobalSection(SolutionConfigurationPlatforms) = preSolution
		Debug|Any CPU = Debug|Any CPU
		Release|Any CPU = Release|Any CPU
	EndGlobalSection
	GlobalSection(ProjectConfigurationPlatforms) = postSolution
		{69C36E2F-D1DE-4A9D-94F1-A0DFE72FDCD2}.Debug|Any CPU.ActiveCfg = Debug|Any CPU
		{69C36E2F-D1DE-4A9D-94F1-A0DFE72FDCD2}.Debug|Any CPU.Build.0 = Debug|Any CPU
		{69C36E2F-D1DE-4A9D-94F1-A0DFE72FDCD2}.Release|Any CPU.ActiveCfg = Release|Any CPU
		{69C36E2F-D1DE-4A9D-94F1-A0DFE72FDCD2}.Release|Any CPU.Build.0 = Release|Any CPU
		{93AEDC01-8A44-4311-8B97-B29A6D0DFF4B}.Debug|Any CPU.ActiveCfg = Debug|Any CPU
		{93AEDC01-8A44-4311-8B97-B29A6D0DFF4B}.Debug|Any CPU.Build.0 = Debug|Any CPU
		{93AEDC01-8A44-4311-8B97-B29A6D0DFF4B}.Release|Any CPU.ActiveCfg = Release|Any CPU
		{93AEDC01-8A44-4311-8B97-B29A6D0DFF4B}.Release|Any CPU.Build.0 = Release|Any CPU
	EndGlobalSection
EndGlobal
