
Microsoft Visual Studio Solution File, Format Version 12.00
# Visual Studio 15
VisualStudioVersion = 15.0.27703.2018
MinimumVisualStudioVersion = 10.0.40219.1
Project("{FAE04EC0-301F-11D3-BF4B-00C04F79EFBC}") = "Brochure.Utils", "Brochure.Utils\Brochure.Utils.csproj", "{E012E0F3-56A5-485C-81F0-F932799B0C8B}"
EndProject
Project("{FAE04EC0-301F-11D3-BF4B-00C04F79EFBC}") = "LinqDbQueryTest", "LinqDbQueryTest\LinqDbQueryTest.csproj", "{4CDDE020-A1C3-45FC-ACBF-F625ABA91301}"
EndProject
Project("{2150E333-8FDC-42A3-9474-1A3956D46DE8}") = "test", "test", "{5CEB6D20-EDBF-11E9-A91F-8DC375BBB25F}"
EndProject
Project("{FAE04EC0-301F-11D3-BF4B-00C04F79EFBC}") = "Brochure.Core", "Brochure.Core\Brochure.Core.csproj", "{994B3B63-F03E-4A91-B8CC-7E74F2DB7A2F}"
EndProject
Project("{FAE04EC0-301F-11D3-BF4B-00C04F79EFBC}") = "Brochure.Extensions", "Brochure.Extensions\Brochure.Extensions.csproj", "{38309B83-130E-4BAB-948C-347C75102599}"
EndProject
Project("{FAE04EC0-301F-11D3-BF4B-00C04F79EFBC}") = "Brochure.Abstract", "Brochure.Abstract\Brochure.Abstract.csproj", "{9D7FED85-A2F3-4CBC-90FF-BCB44AA5EFA9}"
EndProject
Project("{FAE04EC0-301F-11D3-BF4B-00C04F79EFBC}") = "Brochure.Test", "Brochure.Test\Brochure.Test.csproj", "{C3683B03-64F2-43B6-90F5-49501308EE16}"
EndProject
Project("{2150E333-8FDC-42A3-9474-1A3956D46DE8}") = "core", "core", "{640FDFC0-FDE9-11E9-8553-8D2B27024F48}"
EndProject
Project("{2150E333-8FDC-42A3-9474-1A3956D46DE8}") = "main", "main", "{C68B3550-FDE9-11E9-8553-8D2B27024F48}"
EndProject
Project("{FAE04EC0-301F-11D3-BF4B-00C04F79EFBC}") = "Brochure.Server.Main", "Brochure.Server.Main\Brochure.Server.Main.csproj", "{A6BEF20E-B15C-4391-9592-BD966DBC2877}"
EndProject
Project("{2150E333-8FDC-42A3-9474-1A3956D46DE8}") = "system", "system", "{DC25FDE0-1320-11EA-99F9-E3C7C587C33D}"
EndProject
Project("{FAE04EC0-301F-11D3-BF4B-00C04F79EFBC}") = "Brochure.System", "Brochure.System\Brochure.System.csproj", "{36325BC2-0BFA-4029-A36E-5A536AEBCE71}"
EndProject
Project("{2150E333-8FDC-42A3-9474-1A3956D46DE8}") = "plugin", "plugin", "{691F5BD0-B7FC-4C47-AB7B-0F23CFAFDCFB}"
EndProject
Project("{2150E333-8FDC-42A3-9474-1A3956D46DE8}") = "orgs", "orgs", "{29EAE725-A294-4424-AF94-34BEEA694363}"
EndProject
Project("{FAE04EC0-301F-11D3-BF4B-00C04F79EFBC}") = "Brochure.Orgainzation", "Brochure.Orgainzation\Brochure.Orgainzation\Brochure.Orgainzation.csproj", "{FBF11133-220F-40A6-B0DE-FB5E70E3E393}"
EndProject
Project("{FAE04EC0-301F-11D3-BF4B-00C04F79EFBC}") = "Brochure.Orgainzation.Abstract", "Brochure.Orgainzation\Brochure.Orgainzation.Abstract\Brochure.Orgainzation.Abstract.csproj", "{5C9DAEF4-09CE-4884-AC47-5E91BF609A59}"
EndProject
Project("{2150E333-8FDC-42A3-9474-1A3956D46DE8}") = "user", "user", "{16216A16-1828-482B-BBA6-2A9E42A61499}"
EndProject
Project("{FAE04EC0-301F-11D3-BF4B-00C04F79EFBC}") = "Brochure.User", "Brochure.User\Brochure.User\Brochure.User.csproj", "{86B3D7AF-DD1D-4E40-B279-C11E985DAF11}"
EndProject
Project("{FAE04EC0-301F-11D3-BF4B-00C04F79EFBC}") = "Brochure.User.Abstract", "Brochure.User\Brochure.User.Abstract\Brochure.User.Abstract.csproj", "{DE4EDE5E-0466-46EE-90B4-C83205E226AB}"
EndProject
Project("{2150E333-8FDC-42A3-9474-1A3956D46DE8}") = "authority", "authority", "{C8FD0108-C9A2-4524-9413-8F42C65C4CE0}"
EndProject
Project("{FAE04EC0-301F-11D3-BF4B-00C04F79EFBC}") = "Brochure.Authority", "Brochure.Authority\Brochure.Authority\Brochure.Authority.csproj", "{97FD4F6C-9A89-47C1-9DFC-930C9CACA42D}"
EndProject
Project("{FAE04EC0-301F-11D3-BF4B-00C04F79EFBC}") = "Brochure.Authority.Abstract", "Brochure.Authority\Brochure.Authority.Abstract\Brochure.Authority.Abstract.csproj", "{F4085E9A-6ECA-4C6C-BAB9-C6A3461454D8}"
EndProject
Project("{2150E333-8FDC-42A3-9474-1A3956D46DE8}") = "roles", "roles", "{5166DF36-8466-43AA-9CE0-1945C429C8FB}"
EndProject
Project("{FAE04EC0-301F-11D3-BF4B-00C04F79EFBC}") = "Brochure.Roles", "Brochure.Roles\Brochure.Roles\Brochure.Roles.csproj", "{C969384E-6E94-4B63-8102-DC174DE12EFC}"
EndProject
Project("{FAE04EC0-301F-11D3-BF4B-00C04F79EFBC}") = "Brochure.Roles.Abstract", "Brochure.Roles\Brochure.Roles.Abstract\Brochure.Roles.Abstract.csproj", "{6C355733-5F31-4747-A38E-5FDA187C01E6}"
EndProject
Project("{FAE04EC0-301F-11D3-BF4B-00C04F79EFBC}") = "Brochure.ORM.MySql", "Brochure.ORM.MySql\Brochure.ORM.MySql.csproj", "{F3365FD2-AAFF-4E3B-9243-D432EB9CA994}"
EndProject
Project("{FAE04EC0-301F-11D3-BF4B-00C04F79EFBC}") = "Brochure.ORM", "Brochure.ORM\Brochure.ORM.csproj", "{CB7C9029-A337-4847-933A-4D54BFBC391E}"
EndProject
Project("{FAE04EC0-301F-11D3-BF4B-00C04F79EFBC}") = "Brochure.Core.Server", "Brochure.Core.Server\Brochure.Core.Server.csproj", "{9A668125-BFF5-47C3-846D-A06AAD4866CE}"
EndProject
Global
	GlobalSection(SolutionConfigurationPlatforms) = preSolution
		Debug|Any CPU = Debug|Any CPU
		Release|Any CPU = Release|Any CPU
	EndGlobalSection
	GlobalSection(ProjectConfigurationPlatforms) = postSolution
		{1284BB38-1037-4322-85D4-2D72069CF270}.Debug|Any CPU.ActiveCfg = Debug|Any CPU
		{1284BB38-1037-4322-85D4-2D72069CF270}.Debug|Any CPU.Build.0 = Debug|Any CPU
		{1284BB38-1037-4322-85D4-2D72069CF270}.Release|Any CPU.ActiveCfg = Release|Any CPU
		{1284BB38-1037-4322-85D4-2D72069CF270}.Release|Any CPU.Build.0 = Release|Any CPU
		{CC8ECA06-8530-4AD7-AB35-D2024B002BA0}.Debug|Any CPU.ActiveCfg = Debug|Any CPU
		{CC8ECA06-8530-4AD7-AB35-D2024B002BA0}.Debug|Any CPU.Build.0 = Debug|Any CPU
		{CC8ECA06-8530-4AD7-AB35-D2024B002BA0}.Release|Any CPU.ActiveCfg = Release|Any CPU
		{CC8ECA06-8530-4AD7-AB35-D2024B002BA0}.Release|Any CPU.Build.0 = Release|Any CPU
		{27522852-8745-4884-B5EC-79C881028B2D}.Debug|Any CPU.ActiveCfg = Debug|Any CPU
		{27522852-8745-4884-B5EC-79C881028B2D}.Debug|Any CPU.Build.0 = Debug|Any CPU
		{27522852-8745-4884-B5EC-79C881028B2D}.Release|Any CPU.ActiveCfg = Release|Any CPU
		{27522852-8745-4884-B5EC-79C881028B2D}.Release|Any CPU.Build.0 = Release|Any CPU
		{D608C628-B705-4D26-A035-56F7BFFC5D7D}.Debug|Any CPU.ActiveCfg = Debug|Any CPU
		{D608C628-B705-4D26-A035-56F7BFFC5D7D}.Debug|Any CPU.Build.0 = Debug|Any CPU
		{D608C628-B705-4D26-A035-56F7BFFC5D7D}.Release|Any CPU.ActiveCfg = Release|Any CPU
		{D608C628-B705-4D26-A035-56F7BFFC5D7D}.Release|Any CPU.Build.0 = Release|Any CPU
		{FBD724D0-B0CD-4FFE-B275-7249295B3468}.Debug|Any CPU.ActiveCfg = Debug|Any CPU
		{FBD724D0-B0CD-4FFE-B275-7249295B3468}.Debug|Any CPU.Build.0 = Debug|Any CPU
		{FBD724D0-B0CD-4FFE-B275-7249295B3468}.Release|Any CPU.ActiveCfg = Release|Any CPU
		{FBD724D0-B0CD-4FFE-B275-7249295B3468}.Release|Any CPU.Build.0 = Release|Any CPU
		{33B9F577-69E6-4D1B-BBFD-B3C85EA30AF3}.Debug|Any CPU.ActiveCfg = Debug|Any CPU
		{33B9F577-69E6-4D1B-BBFD-B3C85EA30AF3}.Debug|Any CPU.Build.0 = Debug|Any CPU
		{33B9F577-69E6-4D1B-BBFD-B3C85EA30AF3}.Release|Any CPU.ActiveCfg = Release|Any CPU
		{33B9F577-69E6-4D1B-BBFD-B3C85EA30AF3}.Release|Any CPU.Build.0 = Release|Any CPU
		{9FF40F02-4256-4044-880C-9FD9C5262A1A}.Debug|Any CPU.ActiveCfg = Debug|Any CPU
		{9FF40F02-4256-4044-880C-9FD9C5262A1A}.Debug|Any CPU.Build.0 = Debug|Any CPU
		{9FF40F02-4256-4044-880C-9FD9C5262A1A}.Release|Any CPU.ActiveCfg = Release|Any CPU
		{9FF40F02-4256-4044-880C-9FD9C5262A1A}.Release|Any CPU.Build.0 = Release|Any CPU
		{CD2AF5DB-6594-4786-B992-6262B87DB29E}.Debug|Any CPU.ActiveCfg = Debug|Any CPU
		{CD2AF5DB-6594-4786-B992-6262B87DB29E}.Debug|Any CPU.Build.0 = Debug|Any CPU
		{CD2AF5DB-6594-4786-B992-6262B87DB29E}.Release|Any CPU.ActiveCfg = Release|Any CPU
		{CD2AF5DB-6594-4786-B992-6262B87DB29E}.Release|Any CPU.Build.0 = Release|Any CPU
		{E012E0F3-56A5-485C-81F0-F932799B0C8B}.Debug|Any CPU.ActiveCfg = Debug|Any CPU
		{E012E0F3-56A5-485C-81F0-F932799B0C8B}.Debug|Any CPU.Build.0 = Debug|Any CPU
		{E012E0F3-56A5-485C-81F0-F932799B0C8B}.Release|Any CPU.ActiveCfg = Release|Any CPU
		{E012E0F3-56A5-485C-81F0-F932799B0C8B}.Release|Any CPU.Build.0 = Release|Any CPU
		{4CDDE020-A1C3-45FC-ACBF-F625ABA91301}.Debug|Any CPU.ActiveCfg = Debug|Any CPU
		{4CDDE020-A1C3-45FC-ACBF-F625ABA91301}.Debug|Any CPU.Build.0 = Debug|Any CPU
		{4CDDE020-A1C3-45FC-ACBF-F625ABA91301}.Release|Any CPU.ActiveCfg = Release|Any CPU
		{4CDDE020-A1C3-45FC-ACBF-F625ABA91301}.Release|Any CPU.Build.0 = Release|Any CPU
		{5CE695C9-2996-469F-B2DA-BFC50C935219}.Debug|Any CPU.ActiveCfg = Debug|Any CPU
		{5CE695C9-2996-469F-B2DA-BFC50C935219}.Debug|Any CPU.Build.0 = Debug|Any CPU
		{5CE695C9-2996-469F-B2DA-BFC50C935219}.Release|Any CPU.ActiveCfg = Release|Any CPU
		{5CE695C9-2996-469F-B2DA-BFC50C935219}.Release|Any CPU.Build.0 = Release|Any CPU
		{994B3B63-F03E-4A91-B8CC-7E74F2DB7A2F}.Debug|Any CPU.ActiveCfg = Debug|Any CPU
		{994B3B63-F03E-4A91-B8CC-7E74F2DB7A2F}.Debug|Any CPU.Build.0 = Debug|Any CPU
		{994B3B63-F03E-4A91-B8CC-7E74F2DB7A2F}.Release|Any CPU.ActiveCfg = Release|Any CPU
		{994B3B63-F03E-4A91-B8CC-7E74F2DB7A2F}.Release|Any CPU.Build.0 = Release|Any CPU
		{38309B83-130E-4BAB-948C-347C75102599}.Debug|Any CPU.ActiveCfg = Debug|Any CPU
		{38309B83-130E-4BAB-948C-347C75102599}.Debug|Any CPU.Build.0 = Debug|Any CPU
		{38309B83-130E-4BAB-948C-347C75102599}.Release|Any CPU.ActiveCfg = Release|Any CPU
		{38309B83-130E-4BAB-948C-347C75102599}.Release|Any CPU.Build.0 = Release|Any CPU
		{9D7FED85-A2F3-4CBC-90FF-BCB44AA5EFA9}.Debug|Any CPU.ActiveCfg = Debug|Any CPU
		{9D7FED85-A2F3-4CBC-90FF-BCB44AA5EFA9}.Debug|Any CPU.Build.0 = Debug|Any CPU
		{9D7FED85-A2F3-4CBC-90FF-BCB44AA5EFA9}.Release|Any CPU.ActiveCfg = Release|Any CPU
		{9D7FED85-A2F3-4CBC-90FF-BCB44AA5EFA9}.Release|Any CPU.Build.0 = Release|Any CPU
		{C3683B03-64F2-43B6-90F5-49501308EE16}.Debug|Any CPU.ActiveCfg = Debug|Any CPU
		{C3683B03-64F2-43B6-90F5-49501308EE16}.Debug|Any CPU.Build.0 = Debug|Any CPU
		{C3683B03-64F2-43B6-90F5-49501308EE16}.Release|Any CPU.ActiveCfg = Release|Any CPU
		{C3683B03-64F2-43B6-90F5-49501308EE16}.Release|Any CPU.Build.0 = Release|Any CPU
		{A6BEF20E-B15C-4391-9592-BD966DBC2877}.Debug|Any CPU.ActiveCfg = Debug|Any CPU
		{A6BEF20E-B15C-4391-9592-BD966DBC2877}.Debug|Any CPU.Build.0 = Debug|Any CPU
		{A6BEF20E-B15C-4391-9592-BD966DBC2877}.Release|Any CPU.ActiveCfg = Release|Any CPU
		{A6BEF20E-B15C-4391-9592-BD966DBC2877}.Release|Any CPU.Build.0 = Release|Any CPU
		{36325BC2-0BFA-4029-A36E-5A536AEBCE71}.Debug|Any CPU.ActiveCfg = Debug|Any CPU
		{36325BC2-0BFA-4029-A36E-5A536AEBCE71}.Debug|Any CPU.Build.0 = Debug|Any CPU
		{36325BC2-0BFA-4029-A36E-5A536AEBCE71}.Release|Any CPU.ActiveCfg = Release|Any CPU
		{36325BC2-0BFA-4029-A36E-5A536AEBCE71}.Release|Any CPU.Build.0 = Release|Any CPU
		{FBF11133-220F-40A6-B0DE-FB5E70E3E393}.Debug|Any CPU.ActiveCfg = Debug|Any CPU
		{FBF11133-220F-40A6-B0DE-FB5E70E3E393}.Debug|Any CPU.Build.0 = Debug|Any CPU
		{FBF11133-220F-40A6-B0DE-FB5E70E3E393}.Release|Any CPU.ActiveCfg = Release|Any CPU
		{FBF11133-220F-40A6-B0DE-FB5E70E3E393}.Release|Any CPU.Build.0 = Release|Any CPU
		{5C9DAEF4-09CE-4884-AC47-5E91BF609A59}.Debug|Any CPU.ActiveCfg = Debug|Any CPU
		{5C9DAEF4-09CE-4884-AC47-5E91BF609A59}.Debug|Any CPU.Build.0 = Debug|Any CPU
		{5C9DAEF4-09CE-4884-AC47-5E91BF609A59}.Release|Any CPU.ActiveCfg = Release|Any CPU
		{5C9DAEF4-09CE-4884-AC47-5E91BF609A59}.Release|Any CPU.Build.0 = Release|Any CPU
		{86B3D7AF-DD1D-4E40-B279-C11E985DAF11}.Debug|Any CPU.ActiveCfg = Debug|Any CPU
		{86B3D7AF-DD1D-4E40-B279-C11E985DAF11}.Debug|Any CPU.Build.0 = Debug|Any CPU
		{86B3D7AF-DD1D-4E40-B279-C11E985DAF11}.Release|Any CPU.ActiveCfg = Release|Any CPU
		{86B3D7AF-DD1D-4E40-B279-C11E985DAF11}.Release|Any CPU.Build.0 = Release|Any CPU
		{DE4EDE5E-0466-46EE-90B4-C83205E226AB}.Debug|Any CPU.ActiveCfg = Debug|Any CPU
		{DE4EDE5E-0466-46EE-90B4-C83205E226AB}.Debug|Any CPU.Build.0 = Debug|Any CPU
		{DE4EDE5E-0466-46EE-90B4-C83205E226AB}.Release|Any CPU.ActiveCfg = Release|Any CPU
		{DE4EDE5E-0466-46EE-90B4-C83205E226AB}.Release|Any CPU.Build.0 = Release|Any CPU
		{97FD4F6C-9A89-47C1-9DFC-930C9CACA42D}.Debug|Any CPU.ActiveCfg = Debug|Any CPU
		{97FD4F6C-9A89-47C1-9DFC-930C9CACA42D}.Debug|Any CPU.Build.0 = Debug|Any CPU
		{97FD4F6C-9A89-47C1-9DFC-930C9CACA42D}.Release|Any CPU.ActiveCfg = Release|Any CPU
		{97FD4F6C-9A89-47C1-9DFC-930C9CACA42D}.Release|Any CPU.Build.0 = Release|Any CPU
		{F4085E9A-6ECA-4C6C-BAB9-C6A3461454D8}.Debug|Any CPU.ActiveCfg = Debug|Any CPU
		{F4085E9A-6ECA-4C6C-BAB9-C6A3461454D8}.Debug|Any CPU.Build.0 = Debug|Any CPU
		{F4085E9A-6ECA-4C6C-BAB9-C6A3461454D8}.Release|Any CPU.ActiveCfg = Release|Any CPU
		{F4085E9A-6ECA-4C6C-BAB9-C6A3461454D8}.Release|Any CPU.Build.0 = Release|Any CPU
		{C969384E-6E94-4B63-8102-DC174DE12EFC}.Debug|Any CPU.ActiveCfg = Debug|Any CPU
		{C969384E-6E94-4B63-8102-DC174DE12EFC}.Debug|Any CPU.Build.0 = Debug|Any CPU
		{C969384E-6E94-4B63-8102-DC174DE12EFC}.Release|Any CPU.ActiveCfg = Release|Any CPU
		{C969384E-6E94-4B63-8102-DC174DE12EFC}.Release|Any CPU.Build.0 = Release|Any CPU
		{6C355733-5F31-4747-A38E-5FDA187C01E6}.Debug|Any CPU.ActiveCfg = Debug|Any CPU
		{6C355733-5F31-4747-A38E-5FDA187C01E6}.Debug|Any CPU.Build.0 = Debug|Any CPU
		{6C355733-5F31-4747-A38E-5FDA187C01E6}.Release|Any CPU.ActiveCfg = Release|Any CPU
		{6C355733-5F31-4747-A38E-5FDA187C01E6}.Release|Any CPU.Build.0 = Release|Any CPU
		{F3365FD2-AAFF-4E3B-9243-D432EB9CA994}.Debug|Any CPU.ActiveCfg = Debug|Any CPU
		{F3365FD2-AAFF-4E3B-9243-D432EB9CA994}.Debug|Any CPU.Build.0 = Debug|Any CPU
		{F3365FD2-AAFF-4E3B-9243-D432EB9CA994}.Release|Any CPU.ActiveCfg = Release|Any CPU
		{F3365FD2-AAFF-4E3B-9243-D432EB9CA994}.Release|Any CPU.Build.0 = Release|Any CPU
		{CB7C9029-A337-4847-933A-4D54BFBC391E}.Debug|Any CPU.ActiveCfg = Debug|Any CPU
		{CB7C9029-A337-4847-933A-4D54BFBC391E}.Debug|Any CPU.Build.0 = Debug|Any CPU
		{CB7C9029-A337-4847-933A-4D54BFBC391E}.Release|Any CPU.ActiveCfg = Release|Any CPU
		{CB7C9029-A337-4847-933A-4D54BFBC391E}.Release|Any CPU.Build.0 = Release|Any CPU
		{9A668125-BFF5-47C3-846D-A06AAD4866CE}.Debug|Any CPU.ActiveCfg = Debug|Any CPU
		{9A668125-BFF5-47C3-846D-A06AAD4866CE}.Debug|Any CPU.Build.0 = Debug|Any CPU
		{9A668125-BFF5-47C3-846D-A06AAD4866CE}.Release|Any CPU.ActiveCfg = Release|Any CPU
		{9A668125-BFF5-47C3-846D-A06AAD4866CE}.Release|Any CPU.Build.0 = Release|Any CPU
	EndGlobalSection
	GlobalSection(SolutionProperties) = preSolution
		HideSolutionNode = FALSE
	EndGlobalSection
	GlobalSection(ExtensibilityGlobals) = postSolution
		SolutionGuid = {3BF9EAD7-5F0B-4F5E-B229-07A76F610988}
	EndGlobalSection
	GlobalSection(NestedProjects) = preSolution
		{9A668125-BFF5-47C3-846D-A06AAD4866CE} = {640FDFC0-FDE9-11E9-8553-8D2B27024F48}
		{36325BC2-0BFA-4029-A36E-5A536AEBCE71} = {DC25FDE0-1320-11EA-99F9-E3C7C587C33D}
		{A6BEF20E-B15C-4391-9592-BD966DBC2877} = {C68B3550-FDE9-11E9-8553-8D2B27024F48}
		{E012E0F3-56A5-485C-81F0-F932799B0C8B} = {640FDFC0-FDE9-11E9-8553-8D2B27024F48}
		{38309B83-130E-4BAB-948C-347C75102599} = {640FDFC0-FDE9-11E9-8553-8D2B27024F48}
		{994B3B63-F03E-4A91-B8CC-7E74F2DB7A2F} = {640FDFC0-FDE9-11E9-8553-8D2B27024F48}
		{9D7FED85-A2F3-4CBC-90FF-BCB44AA5EFA9} = {640FDFC0-FDE9-11E9-8553-8D2B27024F48}
		{C3683B03-64F2-43B6-90F5-49501308EE16} = {5CEB6D20-EDBF-11E9-A91F-8DC375BBB25F}
		{4CDDE020-A1C3-45FC-ACBF-F625ABA91301} = {5CEB6D20-EDBF-11E9-A91F-8DC375BBB25F}
		{29EAE725-A294-4424-AF94-34BEEA694363} = {691F5BD0-B7FC-4C47-AB7B-0F23CFAFDCFB}
		{FBF11133-220F-40A6-B0DE-FB5E70E3E393} = {29EAE725-A294-4424-AF94-34BEEA694363}
		{5C9DAEF4-09CE-4884-AC47-5E91BF609A59} = {29EAE725-A294-4424-AF94-34BEEA694363}
		{16216A16-1828-482B-BBA6-2A9E42A61499} = {691F5BD0-B7FC-4C47-AB7B-0F23CFAFDCFB}
		{86B3D7AF-DD1D-4E40-B279-C11E985DAF11} = {16216A16-1828-482B-BBA6-2A9E42A61499}
		{DE4EDE5E-0466-46EE-90B4-C83205E226AB} = {16216A16-1828-482B-BBA6-2A9E42A61499}
		{C8FD0108-C9A2-4524-9413-8F42C65C4CE0} = {691F5BD0-B7FC-4C47-AB7B-0F23CFAFDCFB}
		{97FD4F6C-9A89-47C1-9DFC-930C9CACA42D} = {C8FD0108-C9A2-4524-9413-8F42C65C4CE0}
		{F4085E9A-6ECA-4C6C-BAB9-C6A3461454D8} = {C8FD0108-C9A2-4524-9413-8F42C65C4CE0}
		{5166DF36-8466-43AA-9CE0-1945C429C8FB} = {691F5BD0-B7FC-4C47-AB7B-0F23CFAFDCFB}
		{C969384E-6E94-4B63-8102-DC174DE12EFC} = {5166DF36-8466-43AA-9CE0-1945C429C8FB}
		{6C355733-5F31-4747-A38E-5FDA187C01E6} = {5166DF36-8466-43AA-9CE0-1945C429C8FB}
		{F3365FD2-AAFF-4E3B-9243-D432EB9CA994} = {640FDFC0-FDE9-11E9-8553-8D2B27024F48}
		{CB7C9029-A337-4847-933A-4D54BFBC391E} = {640FDFC0-FDE9-11E9-8553-8D2B27024F48}
	EndGlobalSection
EndGlobal
