
Microsoft Visual Studio Solution File, Format Version 12.00
# Visual Studio 15
VisualStudioVersion = 15.0.26228.10
MinimumVisualStudioVersion = 10.0.40219.1
Project("{2150E333-8FDC-42A3-9474-1A3956D46DE8}") = "src", "src", "{896DAF83-C771-4ED8-8FFC-C49C4D9F3567}"
EndProject
Project("{2150E333-8FDC-42A3-9474-1A3956D46DE8}") = "test", "test", "{429F769A-6ED1-4130-B747-00BA84ABB298}"
EndProject
Project("{9A19103F-16F7-4668-BE54-9A1E7A4F7556}") = "Brochure.Core", "src\Brochure.Core\Brochure.Core.csproj", "{9D438F4C-29CD-409B-866F-9BBDC6B1617A}"
EndProject
Project("{9A19103F-16F7-4668-BE54-9A1E7A4F7556}") = "test", "test\test.csproj", "{21FB5A76-78B1-44FD-91B1-D02F3150E835}"
EndProject
Global
	GlobalSection(SolutionConfigurationPlatforms) = preSolution
		Debug|Any CPU = Debug|Any CPU
		Debug|x64 = Debug|x64
		Debug|x86 = Debug|x86
		Release|Any CPU = Release|Any CPU
		Release|x64 = Release|x64
		Release|x86 = Release|x86
	EndGlobalSection
	GlobalSection(ProjectConfigurationPlatforms) = postSolution
		{9D438F4C-29CD-409B-866F-9BBDC6B1617A}.Debug|Any CPU.ActiveCfg = Debug|Any CPU
		{9D438F4C-29CD-409B-866F-9BBDC6B1617A}.Debug|Any CPU.Build.0 = Debug|Any CPU
		{9D438F4C-29CD-409B-866F-9BBDC6B1617A}.Debug|x64.ActiveCfg = Debug|Any CPU
		{9D438F4C-29CD-409B-866F-9BBDC6B1617A}.Debug|x64.Build.0 = Debug|Any CPU
		{9D438F4C-29CD-409B-866F-9BBDC6B1617A}.Debug|x86.ActiveCfg = Debug|Any CPU
		{9D438F4C-29CD-409B-866F-9BBDC6B1617A}.Debug|x86.Build.0 = Debug|Any CPU
		{9D438F4C-29CD-409B-866F-9BBDC6B1617A}.Release|Any CPU.ActiveCfg = Release|Any CPU
		{9D438F4C-29CD-409B-866F-9BBDC6B1617A}.Release|Any CPU.Build.0 = Release|Any CPU
		{9D438F4C-29CD-409B-866F-9BBDC6B1617A}.Release|x64.ActiveCfg = Release|Any CPU
		{9D438F4C-29CD-409B-866F-9BBDC6B1617A}.Release|x64.Build.0 = Release|Any CPU
		{9D438F4C-29CD-409B-866F-9BBDC6B1617A}.Release|x86.ActiveCfg = Release|Any CPU
		{9D438F4C-29CD-409B-866F-9BBDC6B1617A}.Release|x86.Build.0 = Release|Any CPU
		{21FB5A76-78B1-44FD-91B1-D02F3150E835}.Debug|Any CPU.ActiveCfg = Debug|Any CPU
		{21FB5A76-78B1-44FD-91B1-D02F3150E835}.Debug|Any CPU.Build.0 = Debug|Any CPU
		{21FB5A76-78B1-44FD-91B1-D02F3150E835}.Debug|x64.ActiveCfg = Debug|Any CPU
		{21FB5A76-78B1-44FD-91B1-D02F3150E835}.Debug|x64.Build.0 = Debug|Any CPU
		{21FB5A76-78B1-44FD-91B1-D02F3150E835}.Debug|x86.ActiveCfg = Debug|Any CPU
		{21FB5A76-78B1-44FD-91B1-D02F3150E835}.Debug|x86.Build.0 = Debug|Any CPU
		{21FB5A76-78B1-44FD-91B1-D02F3150E835}.Release|Any CPU.ActiveCfg = Release|Any CPU
		{21FB5A76-78B1-44FD-91B1-D02F3150E835}.Release|Any CPU.Build.0 = Release|Any CPU
		{21FB5A76-78B1-44FD-91B1-D02F3150E835}.Release|x64.ActiveCfg = Release|Any CPU
		{21FB5A76-78B1-44FD-91B1-D02F3150E835}.Release|x64.Build.0 = Release|Any CPU
		{21FB5A76-78B1-44FD-91B1-D02F3150E835}.Release|x86.ActiveCfg = Release|Any CPU
		{21FB5A76-78B1-44FD-91B1-D02F3150E835}.Release|x86.Build.0 = Release|Any CPU
	EndGlobalSection
	GlobalSection(SolutionProperties) = preSolution
		HideSolutionNode = FALSE
	EndGlobalSection
	GlobalSection(NestedProjects) = preSolution
		{9D438F4C-29CD-409B-866F-9BBDC6B1617A} = {896DAF83-C771-4ED8-8FFC-C49C4D9F3567}
		{21FB5A76-78B1-44FD-91B1-D02F3150E835} = {429F769A-6ED1-4130-B747-00BA84ABB298}
	EndGlobalSection
EndGlobal
