
Microsoft Visual Studio Solution File, Format Version 12.00
# Visual Studio 15
VisualStudioVersion = 15.0.27703.2018
MinimumVisualStudioVersion = 10.0.40219.1
Project("{9A19103F-16F7-4668-BE54-9A1E7A4F7556}") = "Brochure.Core", "Brochure.Core\Brochure.Core.csproj", "{1284BB38-1037-4322-85D4-2D72069CF270}"
EndProject
Project("{9A19103F-16F7-4668-BE54-9A1E7A4F7556}") = "Brochure.Core.Server", "Brochure.Core.Server\Brochure.Core.Server.csproj", "{CC8ECA06-8530-4AD7-AB35-D2024B002BA0}"
EndProject
Project("{9A19103F-16F7-4668-BE54-9A1E7A4F7556}") = "Brochure.Server.MySql", "Brochure.Server.MySql\Brochure.Server.MySql.csproj", "{27522852-8745-4884-B5EC-79C881028B2D}"
EndProject
Project("{9A19103F-16F7-4668-BE54-9A1E7A4F7556}") = "Brochure.Core.Test", "Brochure.Core.Test\Brochure.Core.Test.csproj", "{D608C628-B705-4D26-A035-56F7BFFC5D7D}"
EndProject
Global
	GlobalSection(SolutionConfigurationPlatforms) = preSolution
		Debug|Any CPU = Debug|Any CPU
		Release|Any CPU = Release|Any CPU
	EndGlobalSection
	GlobalSection(ProjectConfigurationPlatforms) = postSolution
		{1284BB38-1037-4322-85D4-2D72069CF270}.Debug|Any CPU.ActiveCfg = Debug|Any CPU
		{1284BB38-1037-4322-85D4-2D72069CF270}.Debug|Any CPU.Build.0 = Debug|Any CPU
		{1284BB38-1037-4322-85D4-2D72069CF270}.Release|Any CPU.ActiveCfg = Release|Any CPU
		{1284BB38-1037-4322-85D4-2D72069CF270}.Release|Any CPU.Build.0 = Release|Any CPU
		{CC8ECA06-8530-4AD7-AB35-D2024B002BA0}.Debug|Any CPU.ActiveCfg = Debug|Any CPU
		{CC8ECA06-8530-4AD7-AB35-D2024B002BA0}.Debug|Any CPU.Build.0 = Debug|Any CPU
		{CC8ECA06-8530-4AD7-AB35-D2024B002BA0}.Release|Any CPU.ActiveCfg = Release|Any CPU
		{CC8ECA06-8530-4AD7-AB35-D2024B002BA0}.Release|Any CPU.Build.0 = Release|Any CPU
		{27522852-8745-4884-B5EC-79C881028B2D}.Debug|Any CPU.ActiveCfg = Debug|Any CPU
		{27522852-8745-4884-B5EC-79C881028B2D}.Debug|Any CPU.Build.0 = Debug|Any CPU
		{27522852-8745-4884-B5EC-79C881028B2D}.Release|Any CPU.ActiveCfg = Release|Any CPU
		{27522852-8745-4884-B5EC-79C881028B2D}.Release|Any CPU.Build.0 = Release|Any CPU
		{D608C628-B705-4D26-A035-56F7BFFC5D7D}.Debug|Any CPU.ActiveCfg = Debug|Any CPU
		{D608C628-B705-4D26-A035-56F7BFFC5D7D}.Debug|Any CPU.Build.0 = Debug|Any CPU
		{D608C628-B705-4D26-A035-56F7BFFC5D7D}.Release|Any CPU.ActiveCfg = Release|Any CPU
		{D608C628-B705-4D26-A035-56F7BFFC5D7D}.Release|Any CPU.Build.0 = Release|Any CPU
	EndGlobalSection
	GlobalSection(SolutionProperties) = preSolution
		HideSolutionNode = FALSE
	EndGlobalSection
	GlobalSection(ExtensibilityGlobals) = postSolution
		SolutionGuid = {3BF9EAD7-5F0B-4F5E-B229-07A76F610988}
	EndGlobalSection
EndGlobal
