
Microsoft Visual Studio Solution File, Format Version 12.00
# Visual Studio Version 16
VisualStudioVersion = 16.0.31005.135
MinimumVisualStudioVersion = 10.0.40219.1
Project("{9A19103F-16F7-4668-BE54-9A1E7A4F7556}") = "Brochure.Utils", "Brochure.Utils\Brochure.Utils.csproj", "{E012E0F3-56A5-485C-81F0-F932799B0C8B}"
EndProject
Project("{2150E333-8FDC-42A3-9474-1A3956D46DE8}") = "test", "test", "{5CEB6D20-EDBF-11E9-A91F-8DC375BBB25F}"
EndProject
Project("{9A19103F-16F7-4668-BE54-9A1E7A4F7556}") = "Brochure.Core", "Brochure.Core\Brochure.Core.csproj", "{994B3B63-F03E-4A91-B8CC-7E74F2DB7A2F}"
EndProject
Project("{9A19103F-16F7-4668-BE54-9A1E7A4F7556}") = "Brochure.Extensions", "Brochure.Extensions\Brochure.Extensions.csproj", "{38309B83-130E-4BAB-948C-347C75102599}"
EndProject
Project("{9A19103F-16F7-4668-BE54-9A1E7A4F7556}") = "Brochure.Abstract", "Brochure.Abstract\Brochure.Abstract.csproj", "{9D7FED85-A2F3-4CBC-90FF-BCB44AA5EFA9}"
EndProject
Project("{2150E333-8FDC-42A3-9474-1A3956D46DE8}") = "core", "core", "{640FDFC0-FDE9-11E9-8553-8D2B27024F48}"
EndProject
Project("{9A19103F-16F7-4668-BE54-9A1E7A4F7556}") = "Brochure.ORM.MySql", "Brochure.ORM.MySql\Brochure.ORM.MySql.csproj", "{F3365FD2-AAFF-4E3B-9243-D432EB9CA994}"
EndProject
Project("{9A19103F-16F7-4668-BE54-9A1E7A4F7556}") = "Brochure.ORM", "Brochure.ORM\Brochure.ORM.csproj", "{CB7C9029-A337-4847-933A-4D54BFBC391E}"
EndProject
Project("{9A19103F-16F7-4668-BE54-9A1E7A4F7556}") = "Brochure.Core.Server", "Brochure.Core.Server\Brochure.Core.Server.csproj", "{9A668125-BFF5-47C3-846D-A06AAD4866CE}"
EndProject
Project("{9A19103F-16F7-4668-BE54-9A1E7A4F7556}") = "Brochure.Test", "..\test\Brochure.Test\Brochure.Test.csproj", "{ACFA9532-5C71-4112-99E3-3339EC47A26E}"
EndProject
Project("{9A19103F-16F7-4668-BE54-9A1E7A4F7556}") = "LinqDbQueryTest", "..\test\LinqDbQueryTest\LinqDbQueryTest.csproj", "{15C783FA-A903-43C2-8DA3-B2F80EB4A5E2}"
EndProject
Project("{2150E333-8FDC-42A3-9474-1A3956D46DE8}") = "build", "build", "{6C89A63E-D421-440D-BB63-DFC13745CC86}"
	ProjectSection(SolutionItems) = preProject
		..\build\copy_nuget.targets = ..\build\copy_nuget.targets
	EndProjectSection
EndProject
Global
	GlobalSection(SolutionConfigurationPlatforms) = preSolution
		Debug|Any CPU = Debug|Any CPU
		Release|Any CPU = Release|Any CPU
	EndGlobalSection
	GlobalSection(ProjectConfigurationPlatforms) = postSolution
		{E012E0F3-56A5-485C-81F0-F932799B0C8B}.Debug|Any CPU.ActiveCfg = Debug|Any CPU
		{E012E0F3-56A5-485C-81F0-F932799B0C8B}.Debug|Any CPU.Build.0 = Debug|Any CPU
		{E012E0F3-56A5-485C-81F0-F932799B0C8B}.Release|Any CPU.ActiveCfg = Release|Any CPU
		{E012E0F3-56A5-485C-81F0-F932799B0C8B}.Release|Any CPU.Build.0 = Release|Any CPU
		{994B3B63-F03E-4A91-B8CC-7E74F2DB7A2F}.Debug|Any CPU.ActiveCfg = Debug|Any CPU
		{994B3B63-F03E-4A91-B8CC-7E74F2DB7A2F}.Debug|Any CPU.Build.0 = Debug|Any CPU
		{994B3B63-F03E-4A91-B8CC-7E74F2DB7A2F}.Release|Any CPU.ActiveCfg = Release|Any CPU
		{994B3B63-F03E-4A91-B8CC-7E74F2DB7A2F}.Release|Any CPU.Build.0 = Release|Any CPU
		{38309B83-130E-4BAB-948C-347C75102599}.Debug|Any CPU.ActiveCfg = Debug|Any CPU
		{38309B83-130E-4BAB-948C-347C75102599}.Debug|Any CPU.Build.0 = Debug|Any CPU
		{38309B83-130E-4BAB-948C-347C75102599}.Release|Any CPU.ActiveCfg = Release|Any CPU
		{38309B83-130E-4BAB-948C-347C75102599}.Release|Any CPU.Build.0 = Release|Any CPU
		{9D7FED85-A2F3-4CBC-90FF-BCB44AA5EFA9}.Debug|Any CPU.ActiveCfg = Debug|Any CPU
		{9D7FED85-A2F3-4CBC-90FF-BCB44AA5EFA9}.Debug|Any CPU.Build.0 = Debug|Any CPU
		{9D7FED85-A2F3-4CBC-90FF-BCB44AA5EFA9}.Release|Any CPU.ActiveCfg = Release|Any CPU
		{9D7FED85-A2F3-4CBC-90FF-BCB44AA5EFA9}.Release|Any CPU.Build.0 = Release|Any CPU
		{F3365FD2-AAFF-4E3B-9243-D432EB9CA994}.Debug|Any CPU.ActiveCfg = Debug|Any CPU
		{F3365FD2-AAFF-4E3B-9243-D432EB9CA994}.Debug|Any CPU.Build.0 = Debug|Any CPU
		{F3365FD2-AAFF-4E3B-9243-D432EB9CA994}.Release|Any CPU.ActiveCfg = Release|Any CPU
		{F3365FD2-AAFF-4E3B-9243-D432EB9CA994}.Release|Any CPU.Build.0 = Release|Any CPU
		{CB7C9029-A337-4847-933A-4D54BFBC391E}.Debug|Any CPU.ActiveCfg = Debug|Any CPU
		{CB7C9029-A337-4847-933A-4D54BFBC391E}.Debug|Any CPU.Build.0 = Debug|Any CPU
		{CB7C9029-A337-4847-933A-4D54BFBC391E}.Release|Any CPU.ActiveCfg = Release|Any CPU
		{CB7C9029-A337-4847-933A-4D54BFBC391E}.Release|Any CPU.Build.0 = Release|Any CPU
		{9A668125-BFF5-47C3-846D-A06AAD4866CE}.Debug|Any CPU.ActiveCfg = Debug|Any CPU
		{9A668125-BFF5-47C3-846D-A06AAD4866CE}.Debug|Any CPU.Build.0 = Debug|Any CPU
		{9A668125-BFF5-47C3-846D-A06AAD4866CE}.Release|Any CPU.ActiveCfg = Release|Any CPU
		{9A668125-BFF5-47C3-846D-A06AAD4866CE}.Release|Any CPU.Build.0 = Release|Any CPU
		{ACFA9532-5C71-4112-99E3-3339EC47A26E}.Debug|Any CPU.ActiveCfg = Debug|Any CPU
		{ACFA9532-5C71-4112-99E3-3339EC47A26E}.Debug|Any CPU.Build.0 = Debug|Any CPU
		{ACFA9532-5C71-4112-99E3-3339EC47A26E}.Release|Any CPU.ActiveCfg = Release|Any CPU
		{ACFA9532-5C71-4112-99E3-3339EC47A26E}.Release|Any CPU.Build.0 = Release|Any CPU
		{15C783FA-A903-43C2-8DA3-B2F80EB4A5E2}.Debug|Any CPU.ActiveCfg = Debug|Any CPU
		{15C783FA-A903-43C2-8DA3-B2F80EB4A5E2}.Debug|Any CPU.Build.0 = Debug|Any CPU
		{15C783FA-A903-43C2-8DA3-B2F80EB4A5E2}.Release|Any CPU.ActiveCfg = Release|Any CPU
		{15C783FA-A903-43C2-8DA3-B2F80EB4A5E2}.Release|Any CPU.Build.0 = Release|Any CPU
	EndGlobalSection
	GlobalSection(SolutionProperties) = preSolution
		HideSolutionNode = FALSE
	EndGlobalSection
	GlobalSection(NestedProjects) = preSolution
		{E012E0F3-56A5-485C-81F0-F932799B0C8B} = {640FDFC0-FDE9-11E9-8553-8D2B27024F48}
		{994B3B63-F03E-4A91-B8CC-7E74F2DB7A2F} = {640FDFC0-FDE9-11E9-8553-8D2B27024F48}
		{38309B83-130E-4BAB-948C-347C75102599} = {640FDFC0-FDE9-11E9-8553-8D2B27024F48}
		{9D7FED85-A2F3-4CBC-90FF-BCB44AA5EFA9} = {640FDFC0-FDE9-11E9-8553-8D2B27024F48}
		{F3365FD2-AAFF-4E3B-9243-D432EB9CA994} = {640FDFC0-FDE9-11E9-8553-8D2B27024F48}
		{CB7C9029-A337-4847-933A-4D54BFBC391E} = {640FDFC0-FDE9-11E9-8553-8D2B27024F48}
		{9A668125-BFF5-47C3-846D-A06AAD4866CE} = {640FDFC0-FDE9-11E9-8553-8D2B27024F48}
		{ACFA9532-5C71-4112-99E3-3339EC47A26E} = {5CEB6D20-EDBF-11E9-A91F-8DC375BBB25F}
		{15C783FA-A903-43C2-8DA3-B2F80EB4A5E2} = {5CEB6D20-EDBF-11E9-A91F-8DC375BBB25F}
	EndGlobalSection
	GlobalSection(ExtensibilityGlobals) = postSolution
		SolutionGuid = {3BF9EAD7-5F0B-4F5E-B229-07A76F610988}
	EndGlobalSection
EndGlobal
