{
  "name": "Brochure.Web.Main",
  "lockfileVersion": 2,
  "requires": true,
  "packages": {
    "": {
      "dependencies": {
        "@micro-zoe/micro-app": "^0.8.5"
      }
    },
    "node_modules/@micro-zoe/micro-app": {
      "version": "0.8.5",
      "resolved": "https://registry.npmmirror.com/@micro-zoe/micro-app/-/micro-app-0.8.5.tgz",
      "integrity": "sha512-PFnoAxepT/njBEP1fkavvxVoyWsEexcq/BGq7rcW+3kavOHwrm3yNpDlsLEkVT3FVGA11tCWe0TmbJMsFYTTSg=="
    }
  },
  "dependencies": {
    "@micro-zoe/micro-app": {
      "version": "0.8.5",
      "resolved": "https://registry.npmmirror.com/@micro-zoe/micro-app/-/micro-app-0.8.5.tgz",
      "integrity": "sha512-PFnoAxepT/njBEP1fkavvxVoyWsEexcq/BGq7rcW+3kavOHwrm3yNpDlsLEkVT3FVGA11tCWe0TmbJMsFYTTSg=="
    }
  }
}
