
Microsoft Visual Studio Solution File, Format Version 12.00
# Visual Studio 15
Project("{FAE04EC0-301F-11D3-BF4B-00C04F79EFBC}") = "Brochure.Authority", "Brochure.Authority\Brochure.Authority.csproj", "{045AA816-C921-4DAD-93E1-FB3B245FFEF5}"
EndProject
Project("{FAE04EC0-301F-11D3-BF4B-00C04F79EFBC}") = "Brochure.Authority.Abstract", "Brochure.Authority.Abstract\Brochure.Authority.Abstract.csproj", "{D49819B3-481A-4E4E-A7DA-5AA342395ACC}"
EndProject
Global
	GlobalSection(SolutionConfigurationPlatforms) = preSolution
		Debug|Any CPU = Debug|Any CPU
		Release|Any CPU = Release|Any CPU
	EndGlobalSection
	GlobalSection(ProjectConfigurationPlatforms) = postSolution
		{045AA816-C921-4DAD-93E1-FB3B245FFEF5}.Debug|Any CPU.ActiveCfg = Debug|Any CPU
		{045AA816-C921-4DAD-93E1-FB3B245FFEF5}.Debug|Any CPU.Build.0 = Debug|Any CPU
		{045AA816-C921-4DAD-93E1-FB3B245FFEF5}.Release|Any CPU.ActiveCfg = Release|Any CPU
		{045AA816-C921-4DAD-93E1-FB3B245FFEF5}.Release|Any CPU.Build.0 = Release|Any CPU
		{D49819B3-481A-4E4E-A7DA-5AA342395ACC}.Debug|Any CPU.ActiveCfg = Debug|Any CPU
		{D49819B3-481A-4E4E-A7DA-5AA342395ACC}.Debug|Any CPU.Build.0 = Debug|Any CPU
		{D49819B3-481A-4E4E-A7DA-5AA342395ACC}.Release|Any CPU.ActiveCfg = Release|Any CPU
		{D49819B3-481A-4E4E-A7DA-5AA342395ACC}.Release|Any CPU.Build.0 = Release|Any CPU
	EndGlobalSection
EndGlobal
